dependencies:
  espressif/mdns:
    component_hash: 3f3bf8ff67ec99dde4e935637af087ebc899b9fee396ffa1c9138d3775f1aca4
    dependencies:
    - name: idf
      require: private
      version: '>=5.0'
    source:
      registry_url: https://components.espressif.com/
      type: service
    version: 1.0.9
  idf:
    source:
      type: idf
    version: 5.3.2
direct_dependencies:
- espressif/mdns
- idf
manifest_hash: 09f84ea7c38cb9fccfa7ee4b9bbb35a3a86c4cda80d11926005d4484e899b106
target: esp32
version: 2.0.0
